
Microsoft Visual Studio Solution File, Format Version 12.00
# Visual Studio 15
VisualStudioVersion = 15.0.26228.9
MinimumVisualStudioVersion = 10.0.40219.1
Project("{2150E333-8FDC-42A3-9474-1A3956D46DE8}") = "Chapter 02", "Chapter 02", "{B4279D8C-B3B0-40F7-A717-551701CA303E}"
EndProject
Project("{FAE04EC0-301F-11D3-BF4B-00C04F79EFBC}") = "BasicProgramStructure", "BasicProgramStructure\BasicProgramStructure.csproj", "{1904B5A6-1605-4B0D-A363-136CE88C450B}"
EndProject
Global
	GlobalSection(SolutionConfigurationPlatforms) = preSolution
		Debug|Any CPU = Debug|Any CPU
		Release|Any CPU = Release|Any CPU
	EndGlobalSection
	GlobalSection(ProjectConfigurationPlatforms) = postSolution
		{1904B5A6-1605-4B0D-A363-136CE88C450B}.Debug|Any CPU.ActiveCfg = Debug|Any CPU
		{1904B5A6-1605-4B0D-A363-136CE88C450B}.Debug|Any CPU.Build.0 = Debug|Any CPU
		{1904B5A6-1605-4B0D-A363-136CE88C450B}.Release|Any CPU.ActiveCfg = Release|Any CPU
		{1904B5A6-1605-4B0D-A363-136CE88C450B}.Release|Any CPU.Build.0 = Release|Any CPU
	EndGlobalSection
	GlobalSection(SolutionProperties) = preSolution
		HideSolutionNode = FALSE
	EndGlobalSection
	GlobalSection(NestedProjects) = preSolution
		{1904B5A6-1605-4B0D-A363-136CE88C450B} = {B4279D8C-B3B0-40F7-A717-551701CA303E}
	EndGlobalSection
EndGlobal
